
Microsoft Visual Studio Solution File, Format Version 12.00
# Visual Studio 15
VisualStudioVersion = 15.0.28010.2041
MinimumVisualStudioVersion = 10.0.40219.1
Project("{FAE04EC0-301F-11D3-BF4B-00C04F79EFBC}") = "Server", "Server\Server.csproj", "{1A903E3B-84A0-4B4B-AC35-527FE4FE0441}"
EndProject
Global
	GlobalSection(SolutionConfigurationPlatforms) = preSolution
		Debug|Any CPU = Debug|Any CPU
		Release|Any CPU = Release|Any CPU
	EndGlobalSection
	GlobalSection(ProjectConfigurationPlatforms) = postSolution
		{1A903E3B-84A0-4B4B-AC35-527FE4FE0441}.Debug|Any CPU.ActiveCfg = Debug|Any CPU
		{1A903E3B-84A0-4B4B-AC35-527FE4FE0441}.Debug|Any CPU.Build.0 = Debug|Any CPU
		{1A903E3B-84A0-4B4B-AC35-527FE4FE0441}.Release|Any CPU.ActiveCfg = Release|Any CPU
		{1A903E3B-84A0-4B4B-AC35-527FE4FE0441}.Release|Any CPU.Build.0 = Release|Any CPU
	EndGlobalSection
	GlobalSection(SolutionProperties) = preSolution
		HideSolutionNode = FALSE
	EndGlobalSection
	GlobalSection(ExtensibilityGlobals) = postSolution
		SolutionGuid = {9F1DDC3B-B4D4-4CC8-8654-C7A5C4EF3C38}
	EndGlobalSection
EndGlobal
